
Microsoft Visual Studio Solution File, Format Version 12.00
# Visual Studio Version 16
VisualStudioVersion = 16.0.31828.109
MinimumVisualStudioVersion = 10.0.40219.1
Project("{FAE04EC0-301F-11D3-BF4B-00C04F79EFBC}") = "setup", "setup\setup.csproj", "{B697A34A-DFA3-4F6C-88E4-CE5CA966B51F}"
EndProject
Global
	GlobalSection(SolutionConfigurationPlatforms) = preSolution
		Debug|Any CPU = Debug|Any CPU
		Release|Any CPU = Release|Any CPU
	EndGlobalSection
	GlobalSection(ProjectConfigurationPlatforms) = postSolution
		{B697A34A-DFA3-4F6C-88E4-CE5CA966B51F}.Debug|Any CPU.ActiveCfg = Debug|Any CPU
		{B697A34A-DFA3-4F6C-88E4-CE5CA966B51F}.Debug|Any CPU.Build.0 = Debug|Any CPU
		{B697A34A-DFA3-4F6C-88E4-CE5CA966B51F}.Release|Any CPU.ActiveCfg = Release|Any CPU
		{B697A34A-DFA3-4F6C-88E4-CE5CA966B51F}.Release|Any CPU.Build.0 = Release|Any CPU
	EndGlobalSection
	GlobalSection(SolutionProperties) = preSolution
		HideSolutionNode = FALSE
	EndGlobalSection
	GlobalSection(ExtensibilityGlobals) = postSolution
		SolutionGuid = {9BF6E5FD-59E5-48B4-9E1A-CC4BDCE3E143}
	EndGlobalSection
EndGlobal
